
Microsoft Visual Studio Solution File, Format Version 12.00
# Visual Studio Version 17
VisualStudioVersion = 17.5.33516.290
MinimumVisualStudioVersion = 10.0.40219.1
Project("{FAE04EC0-301F-11D3-BF4B-00C04F79EFBC}") = "Minesweeper", "Minesweeper\Minesweeper.csproj", "{5DE44A8D-143B-4F05-917D-48D8F8A3FBD9}"
EndProject
Global
	GlobalSection(SolutionConfigurationPlatforms) = preSolution
		Debug|Any CPU = Debug|Any CPU
		Release|Any CPU = Release|Any CPU
	EndGlobalSection
	GlobalSection(ProjectConfigurationPlatforms) = postSolution
		{5DE44A8D-143B-4F05-917D-48D8F8A3FBD9}.Debug|Any CPU.ActiveCfg = Debug|Any CPU
		{5DE44A8D-143B-4F05-917D-48D8F8A3FBD9}.Debug|Any CPU.Build.0 = Debug|Any CPU
		{5DE44A8D-143B-4F05-917D-48D8F8A3FBD9}.Release|Any CPU.ActiveCfg = Release|Any CPU
		{5DE44A8D-143B-4F05-917D-48D8F8A3FBD9}.Release|Any CPU.Build.0 = Release|Any CPU
	EndGlobalSection
	GlobalSection(SolutionProperties) = preSolution
		HideSolutionNode = FALSE
	EndGlobalSection
	GlobalSection(ExtensibilityGlobals) = postSolution
		SolutionGuid = {357A5048-BABC-4732-A689-4AA915A52873}
	EndGlobalSection
EndGlobal
